// !$*UTF8*$!
{
	archiveVersion = 1;
	classes = {
	};
	objectVersion = 56;
	objects = {

/* Begin PBXBuildFile section */
		B70E56012BF23F6C00E687D9 /* ColorPickerViewState.swift in Sources */ = {isa = PBXBuildFile; fileRef = B70E56002BF23F6B00E687D9 /* ColorPickerViewState.swift */; };
		B72C0EF22BDBE87000286F50 /* ColorPickerView.swift in Sources */ = {isa = PBXBuildFile; fileRef = B72C0EF12BDBE87000286F50 /* ColorPickerView.swift */; };
		B72C0EF42BDBECC600286F50 /* Icon.swift in Sources */ = {isa = PBXBuildFile; fileRef = B72C0EF32BDBECC600286F50 /* Icon.swift */; };
		B72C859D2BCB6161003DDBCE /* ColorPalette.swift in Sources */ = {isa = PBXBuildFile; fileRef = B72C859C2BCB6161003DDBCE /* ColorPalette.swift */; };
		B72C859F2BCB620D003DDBCE /* HSBColor.swift in Sources */ = {isa = PBXBuildFile; fileRef = B72C859E2BCB620D003DDBCE /* HSBColor.swift */; };
		B72C85A12BCB645B003DDBCE /* RGBColor.swift in Sources */ = {isa = PBXBuildFile; fileRef = B72C85A02BCB645B003DDBCE /* RGBColor.swift */; };
		B72C85A32BCB65CC003DDBCE /* HEXColor.swift in Sources */ = {isa = PBXBuildFile; fileRef = B72C85A22BCB65CC003DDBCE /* HEXColor.swift */; };
		B72C85A52BCB7DC9003DDBCE /* ColorStorage.swift in Sources */ = {isa = PBXBuildFile; fileRef = B72C85A42BCB7DC9003DDBCE /* ColorStorage.swift */; };
		B72C85A82BCBB851003DDBCE /* Tab.swift in Sources */ = {isa = PBXBuildFile; fileRef = B72C85A72BCBB850003DDBCE /* Tab.swift */; };
		B72C85AA2BCBBC78003DDBCE /* CustomTabBar.swift in Sources */ = {isa = PBXBuildFile; fileRef = B72C85A92BCBBC78003DDBCE /* CustomTabBar.swift */; };
		B77242892C1B238B00883A26 /* SpriteKitView.swift in Sources */ = {isa = PBXBuildFile; fileRef = B77242882C1B238A00883A26 /* SpriteKitView.swift */; };
		B772428C2C1B243700883A26 /* MyShader.fsh in Resources */ = {isa = PBXBuildFile; fileRef = B772428B2C1B243700883A26 /* MyShader.fsh */; };
		B775EDD42C73714700077B6F /* ColorPaletteConfirmationView.swift in Sources */ = {isa = PBXBuildFile; fileRef = B775EDD32C73714700077B6F /* ColorPaletteConfirmationView.swift */; };
		B78583F12C8AD5CC0095A40B /* ToastModifier.swift in Sources */ = {isa = PBXBuildFile; fileRef = B78583F02C8AD5CC0095A40B /* ToastModifier.swift */; };
		B78583F32C8AD8670095A40B /* View.swift in Sources */ = {isa = PBXBuildFile; fileRef = B78583F22C8AD8670095A40B /* View.swift */; };
		B786A8972BD001E9005338AE /* HomeView.swift in Sources */ = {isa = PBXBuildFile; fileRef = B786A8962BD001E9005338AE /* HomeView.swift */; };
		B786A8992BD00233005338AE /* ColorPaletteView.swift in Sources */ = {isa = PBXBuildFile; fileRef = B786A8982BD00233005338AE /* ColorPaletteView.swift */; };
		B786A89B2BD00256005338AE /* ColorStorageView.swift in Sources */ = {isa = PBXBuildFile; fileRef = B786A89A2BD00256005338AE /* ColorStorageView.swift */; };
		B786A89D2BD00260005338AE /* OptionView.swift in Sources */ = {isa = PBXBuildFile; fileRef = B786A89C2BD00260005338AE /* OptionView.swift */; };
		B78804F42C02CC680070E9D6 /* GlobalSettings.swift in Sources */ = {isa = PBXBuildFile; fileRef = B78804F32C02CC680070E9D6 /* GlobalSettings.swift */; };
		B79145D42BD4C89200DCF552 /* RoundedCorner.swift in Sources */ = {isa = PBXBuildFile; fileRef = B79145D32BD4C89200DCF552 /* RoundedCorner.swift */; };
		B792F5122C3C158E0011C57D /* ColorData.swift in Sources */ = {isa = PBXBuildFile; fileRef = B792F5112C3C158E0011C57D /* ColorData.swift */; };
		B79907E02C32E28100CD6DF0 /* SKTexture.swift in Sources */ = {isa = PBXBuildFile; fileRef = B79907DF2C32E28100CD6DF0 /* SKTexture.swift */; };
		B79B54A92BF0A022001AE729 /* HSBColorPickerView.swift in Sources */ = {isa = PBXBuildFile; fileRef = B79B54A82BF0A022001AE729 /* HSBColorPickerView.swift */; };
		B79B54AC2BF0A055001AE729 /* RGBColorPickerView.swift in Sources */ = {isa = PBXBuildFile; fileRef = B79B54AB2BF0A055001AE729 /* RGBColorPickerView.swift */; };
		B79E07952C69EA1B00F899E4 /* ColorStorageMenu.swift in Sources */ = {isa = PBXBuildFile; fileRef = B79E07942C69EA1B00F899E4 /* ColorStorageMenu.swift */; };
		B7A147D52BE7C9F200D72811 /* Sample.swift in Sources */ = {isa = PBXBuildFile; fileRef = B7A147D42BE7C9F200D72811 /* Sample.swift */; };
		B7A84E272BF63DF90068F78B /* ColorSlider.swift in Sources */ = {isa = PBXBuildFile; fileRef = B7A84E262BF63DF90068F78B /* ColorSlider.swift */; };
		B7AB99422C08B36E00B2B21A /* CustomNavigationBarContainer.swift in Sources */ = {isa = PBXBuildFile; fileRef = B7AB99412C08B36E00B2B21A /* CustomNavigationBarContainer.swift */; };
		B7CC18EE2C1ED8890042C367 /* ColorPalettePreview.swift in Sources */ = {isa = PBXBuildFile; fileRef = B7CC18ED2C1ED8890042C367 /* ColorPalettePreview.swift */; };
		B7E45D992BC6CE56007FF3AE /* ColorPickerAppApp.swift in Sources */ = {isa = PBXBuildFile; fileRef = B7E45D982BC6CE56007FF3AE /* ColorPickerAppApp.swift */; };
		B7E45D9B2BC6CE56007FF3AE /* ContentView.swift in Sources */ = {isa = PBXBuildFile; fileRef = B7E45D9A2BC6CE56007FF3AE /* ContentView.swift */; };
		B7E45D9F2BC6CE58007FF3AE /* Assets.xcassets in Resources */ = {isa = PBXBuildFile; fileRef = B7E45D9E2BC6CE58007FF3AE /* Assets.xcassets */; };
		B7E45DA22BC6CE58007FF3AE /* Preview Assets.xcassets in Resources */ = {isa = PBXBuildFile; fileRef = B7E45DA12BC6CE58007FF3AE /* Preview Assets.xcassets */; };
		B7E45DAC2BC6CE58007FF3AE /* ColorPickerAppTests.swift in Sources */ = {isa = PBXBuildFile; fileRef = B7E45DAB2BC6CE58007FF3AE /* ColorPickerAppTests.swift */; };
		B7E45DB62BC6CE58007FF3AE /* ColorPickerAppUITests.swift in Sources */ = {isa = PBXBuildFile; fileRef = B7E45DB52BC6CE58007FF3AE /* ColorPickerAppUITests.swift */; };
		B7E45DB82BC6CE58007FF3AE /* ColorPickerAppUITestsLaunchTests.swift in Sources */ = {isa = PBXBuildFile; fileRef = B7E45DB72BC6CE58007FF3AE /* ColorPickerAppUITestsLaunchTests.swift */; };
		B7EB59092C6CA708007A57D1 /* UINavigationController.swift in Sources */ = {isa = PBXBuildFile; fileRef = B7EB59082C6CA708007A57D1 /* UINavigationController.swift */; };
		B7F176092C835A28009F76E5 /* SelectedColorView.swift in Sources */ = {isa = PBXBuildFile; fileRef = B7F176082C835A28009F76E5 /* SelectedColorView.swift */; };
		B7F262392C78D39A00BD3553 /* ColorPaletteViewState.swift in Sources */ = {isa = PBXBuildFile; fileRef = B7F262382C78D39A00BD3553 /* ColorPaletteViewState.swift */; };
		B7F2623B2C78EA6100BD3553 /* PaletteSort.swift in Sources */ = {isa = PBXBuildFile; fileRef = B7F2623A2C78EA6100BD3553 /* PaletteSort.swift */; };
		B7F937712C89E405005CE7C0 /* Toast.swift in Sources */ = {isa = PBXBuildFile; fileRef = B7F937702C89E405005CE7C0 /* Toast.swift */; };
		B7F937732C89E430005CE7C0 /* ToastStyle.swift in Sources */ = {isa = PBXBuildFile; fileRef = B7F937722C89E430005CE7C0 /* ToastStyle.swift */; };
		B7F937762C89E87E005CE7C0 /* ToastView.swift in Sources */ = {isa = PBXBuildFile; fileRef = B7F937752C89E87E005CE7C0 /* ToastView.swift */; };
/* End PBXBuildFile section */

/* Begin PBXContainerItemProxy section */
		B7E45DA82BC6CE58007FF3AE /* PBXContainerItemProxy */ = {
			isa = PBXContainerItemProxy;
			containerPortal = B7E45D8D2BC6CE56007FF3AE /* Project object */;
			proxyType = 1;
			remoteGlobalIDString = B7E45D942BC6CE56007FF3AE;
			remoteInfo = ColorPickerApp;
		};
		B7E45DB22BC6CE58007FF3AE /* PBXContainerItemProxy */ = {
			isa = PBXContainerItemProxy;
			containerPortal = B7E45D8D2BC6CE56007FF3AE /* Project object */;
			proxyType = 1;
			remoteGlobalIDString = B7E45D942BC6CE56007FF3AE;
			remoteInfo = ColorPickerApp;
		};
/* End PBXContainerItemProxy section */

/* Begin PBXFileReference section */
		B70E56002BF23F6B00E687D9 /* ColorPickerViewState.swift */ = {isa = PBXFileReference; lastKnownFileType = sourcecode.swift; path = ColorPickerViewState.swift; sourceTree = "<group>"; };
		B72C0EF12BDBE87000286F50 /* ColorPickerView.swift */ = {isa = PBXFileReference; lastKnownFileType = sourcecode.swift; path = ColorPickerView.swift; sourceTree = "<group>"; };
		B72C0EF32BDBECC600286F50 /* Icon.swift */ = {isa = PBXFileReference; lastKnownFileType = sourcecode.swift; path = Icon.swift; sourceTree = "<group>"; };
		B72C859C2BCB6161003DDBCE /* ColorPalette.swift */ = {isa = PBXFileReference; lastKnownFileType = sourcecode.swift; path = ColorPalette.swift; sourceTree = "<group>"; };
		B72C859E2BCB620D003DDBCE /* HSBColor.swift */ = {isa = PBXFileReference; lastKnownFileType = sourcecode.swift; path = HSBColor.swift; sourceTree = "<group>"; };
		B72C85A02BCB645B003DDBCE /* RGBColor.swift */ = {isa = PBXFileReference; lastKnownFileType = sourcecode.swift; path = RGBColor.swift; sourceTree = "<group>"; };
		B72C85A22BCB65CC003DDBCE /* HEXColor.swift */ = {isa = PBXFileReference; lastKnownFileType = sourcecode.swift; path = HEXColor.swift; sourceTree = "<group>"; };
		B72C85A42BCB7DC9003DDBCE /* ColorStorage.swift */ = {isa = PBXFileReference; lastKnownFileType = sourcecode.swift; path = ColorStorage.swift; sourceTree = "<group>"; };
		B72C85A72BCBB850003DDBCE /* Tab.swift */ = {isa = PBXFileReference; lastKnownFileType = sourcecode.swift; path = Tab.swift; sourceTree = "<group>"; };
		B72C85A92BCBBC78003DDBCE /* CustomTabBar.swift */ = {isa = PBXFileReference; lastKnownFileType = sourcecode.swift; path = CustomTabBar.swift; sourceTree = "<group>"; };
		B77242882C1B238A00883A26 /* SpriteKitView.swift */ = {isa = PBXFileReference; lastKnownFileType = sourcecode.swift; path = SpriteKitView.swift; sourceTree = "<group>"; };
		B772428B2C1B243700883A26 /* MyShader.fsh */ = {isa = PBXFileReference; lastKnownFileType = sourcecode.glsl; path = MyShader.fsh; sourceTree = "<group>"; };
		B775EDD32C73714700077B6F /* ColorPaletteConfirmationView.swift */ = {isa = PBXFileReference; lastKnownFileType = sourcecode.swift; path = ColorPaletteConfirmationView.swift; sourceTree = "<group>"; };
		B78583F02C8AD5CC0095A40B /* ToastModifier.swift */ = {isa = PBXFileReference; lastKnownFileType = sourcecode.swift; path = ToastModifier.swift; sourceTree = "<group>"; };
		B78583F22C8AD8670095A40B /* View.swift */ = {isa = PBXFileReference; lastKnownFileType = sourcecode.swift; path = View.swift; sourceTree = "<group>"; };
		B786A8962BD001E9005338AE /* HomeView.swift */ = {isa = PBXFileReference; lastKnownFileType = sourcecode.swift; path = HomeView.swift; sourceTree = "<group>"; };
		B786A8982BD00233005338AE /* ColorPaletteView.swift */ = {isa = PBXFileReference; lastKnownFileType = sourcecode.swift; path = ColorPaletteView.swift; sourceTree = "<group>"; };
		B786A89A2BD00256005338AE /* ColorStorageView.swift */ = {isa = PBXFileReference; lastKnownFileType = sourcecode.swift; path = ColorStorageView.swift; sourceTree = "<group>"; };
		B786A89C2BD00260005338AE /* OptionView.swift */ = {isa = PBXFileReference; lastKnownFileType = sourcecode.swift; path = OptionView.swift; sourceTree = "<group>"; };
		B78804F32C02CC680070E9D6 /* GlobalSettings.swift */ = {isa = PBXFileReference; lastKnownFileType = sourcecode.swift; path = GlobalSettings.swift; sourceTree = "<group>"; };
		B79145D32BD4C89200DCF552 /* RoundedCorner.swift */ = {isa = PBXFileReference; lastKnownFileType = sourcecode.swift; path = RoundedCorner.swift; sourceTree = "<group>"; };
		B792F5112C3C158E0011C57D /* ColorData.swift */ = {isa = PBXFileReference; lastKnownFileType = sourcecode.swift; path = ColorData.swift; sourceTree = "<group>"; };
		B79907DF2C32E28100CD6DF0 /* SKTexture.swift */ = {isa = PBXFileReference; lastKnownFileType = sourcecode.swift; path = SKTexture.swift; sourceTree = "<group>"; };
		B79B54A82BF0A022001AE729 /* HSBColorPickerView.swift */ = {isa = PBXFileReference; lastKnownFileType = sourcecode.swift; path = HSBColorPickerView.swift; sourceTree = "<group>"; };
		B79B54AB2BF0A055001AE729 /* RGBColorPickerView.swift */ = {isa = PBXFileReference; lastKnownFileType = sourcecode.swift; path = RGBColorPickerView.swift; sourceTree = "<group>"; };
		B79E07942C69EA1B00F899E4 /* ColorStorageMenu.swift */ = {isa = PBXFileReference; lastKnownFileType = sourcecode.swift; path = ColorStorageMenu.swift; sourceTree = "<group>"; };
		B7A147D42BE7C9F200D72811 /* Sample.swift */ = {isa = PBXFileReference; lastKnownFileType = sourcecode.swift; path = Sample.swift; sourceTree = "<group>"; };
		B7A84E262BF63DF90068F78B /* ColorSlider.swift */ = {isa = PBXFileReference; lastKnownFileType = sourcecode.swift; path = ColorSlider.swift; sourceTree = "<group>"; };
		B7AB99412C08B36E00B2B21A /* CustomNavigationBarContainer.swift */ = {isa = PBXFileReference; lastKnownFileType = sourcecode.swift; path = CustomNavigationBarContainer.swift; sourceTree = "<group>"; };
		B7CC18ED2C1ED8890042C367 /* ColorPalettePreview.swift */ = {isa = PBXFileReference; lastKnownFileType = sourcecode.swift; path = ColorPalettePreview.swift; sourceTree = "<group>"; };
		B7E45D952BC6CE56007FF3AE /* ColorPickerApp.app */ = {isa = PBXFileReference; explicitFileType = wrapper.application; includeInIndex = 0; path = ColorPickerApp.app; sourceTree = BUILT_PRODUCTS_DIR; };
		B7E45D982BC6CE56007FF3AE /* ColorPickerAppApp.swift */ = {isa = PBXFileReference; lastKnownFileType = sourcecode.swift; path = ColorPickerAppApp.swift; sourceTree = "<group>"; };
		B7E45D9A2BC6CE56007FF3AE /* ContentView.swift */ = {isa = PBXFileReference; lastKnownFileType = sourcecode.swift; path = ContentView.swift; sourceTree = "<group>"; };
		B7E45D9E2BC6CE58007FF3AE /* Assets.xcassets */ = {isa = PBXFileReference; lastKnownFileType = folder.assetcatalog; path = Assets.xcassets; sourceTree = "<group>"; };
		B7E45DA12BC6CE58007FF3AE /* Preview Assets.xcassets */ = {isa = PBXFileReference; lastKnownFileType = folder.assetcatalog; path = "Preview Assets.xcassets"; sourceTree = "<group>"; };
		B7E45DA72BC6CE58007FF3AE /* ColorPickerAppTests.xctest */ = {isa = PBXFileReference; explicitFileType = wrapper.cfbundle; includeInIndex = 0; path = ColorPickerAppTests.xctest; sourceTree = BUILT_PRODUCTS_DIR; };
		B7E45DAB2BC6CE58007FF3AE /* ColorPickerAppTests.swift */ = {isa = PBXFileReference; lastKnownFileType = sourcecode.swift; path = ColorPickerAppTests.swift; sourceTree = "<group>"; };
		B7E45DB12BC6CE58007FF3AE /* ColorPickerAppUITests.xctest */ = {isa = PBXFileReference; explicitFileType = wrapper.cfbundle; includeInIndex = 0; path = ColorPickerAppUITests.xctest; sourceTree = BUILT_PRODUCTS_DIR; };
		B7E45DB52BC6CE58007FF3AE /* ColorPickerAppUITests.swift */ = {isa = PBXFileReference; lastKnownFileType = sourcecode.swift; path = ColorPickerAppUITests.swift; sourceTree = "<group>"; };
		B7E45DB72BC6CE58007FF3AE /* ColorPickerAppUITestsLaunchTests.swift */ = {isa = PBXFileReference; lastKnownFileType = sourcecode.swift; path = ColorPickerAppUITestsLaunchTests.swift; sourceTree = "<group>"; };
		B7EB59082C6CA708007A57D1 /* UINavigationController.swift */ = {isa = PBXFileReference; lastKnownFileType = sourcecode.swift; path = UINavigationController.swift; sourceTree = "<group>"; };
		B7F176082C835A28009F76E5 /* SelectedColorView.swift */ = {isa = PBXFileReference; lastKnownFileType = sourcecode.swift; path = SelectedColorView.swift; sourceTree = "<group>"; };
		B7F262382C78D39A00BD3553 /* ColorPaletteViewState.swift */ = {isa = PBXFileReference; lastKnownFileType = sourcecode.swift; path = ColorPaletteViewState.swift; sourceTree = "<group>"; };
		B7F2623A2C78EA6100BD3553 /* PaletteSort.swift */ = {isa = PBXFileReference; lastKnownFileType = sourcecode.swift; path = PaletteSort.swift; sourceTree = "<group>"; };
		B7F937702C89E405005CE7C0 /* Toast.swift */ = {isa = PBXFileReference; lastKnownFileType = sourcecode.swift; path = Toast.swift; sourceTree = "<group>"; };
		B7F937722C89E430005CE7C0 /* ToastStyle.swift */ = {isa = PBXFileReference; lastKnownFileType = sourcecode.swift; path = ToastStyle.swift; sourceTree = "<group>"; };
		B7F937752C89E87E005CE7C0 /* ToastView.swift */ = {isa = PBXFileReference; lastKnownFileType = sourcecode.swift; path = ToastView.swift; sourceTree = "<group>"; };
/* End PBXFileReference section */

/* Begin PBXFrameworksBuildPhase section */
		B7E45D922BC6CE56007FF3AE /* Frameworks */ = {
			isa = PBXFrameworksBuildPhase;
			buildActionMask = 2147483647;
			files = (
			);
			runOnlyForDeploymentPostprocessing = 0;
		};
		B7E45DA42BC6CE58007FF3AE /* Frameworks */ = {
			isa = PBXFrameworksBuildPhase;
			buildActionMask = 2147483647;
			files = (
			);
			runOnlyForDeploymentPostprocessing = 0;
		};
		B7E45DAE2BC6CE58007FF3AE /* Frameworks */ = {
			isa = PBXFrameworksBuildPhase;
			buildActionMask = 2147483647;
			files = (
			);
			runOnlyForDeploymentPostprocessing = 0;
		};
/* End PBXFrameworksBuildPhase section */

/* Begin PBXGroup section */
		B70E56022BF23F9300E687D9 /* State */ = {
			isa = PBXGroup;
			children = (
				B70E56002BF23F6B00E687D9 /* ColorPickerViewState.swift */,
				B7F262382C78D39A00BD3553 /* ColorPaletteViewState.swift */,
			);
			path = State;
			sourceTree = "<group>";
		};
		B72C859B2BCB6140003DDBCE /* Model */ = {
			isa = PBXGroup;
			children = (
				B72C859C2BCB6161003DDBCE /* ColorPalette.swift */,
				B72C85A42BCB7DC9003DDBCE /* ColorStorage.swift */,
				B72C859E2BCB620D003DDBCE /* HSBColor.swift */,
				B72C85A02BCB645B003DDBCE /* RGBColor.swift */,
				B72C85A22BCB65CC003DDBCE /* HEXColor.swift */,
				B792F5112C3C158E0011C57D /* ColorData.swift */,
				B7F937702C89E405005CE7C0 /* Toast.swift */,
			);
			path = Model;
			sourceTree = "<group>";
		};
		B72C85A62BCB825D003DDBCE /* View */ = {
			isa = PBXGroup;
			children = (
				B786A8962BD001E9005338AE /* HomeView.swift */,
				B786A8982BD00233005338AE /* ColorPaletteView.swift */,
				B775EDD32C73714700077B6F /* ColorPaletteConfirmationView.swift */,
				B79B54AA2BF0A02C001AE729 /* ColorPicker */,
				B786A89A2BD00256005338AE /* ColorStorageView.swift */,
				B786A89C2BD00260005338AE /* OptionView.swift */,
				B7A147D42BE7C9F200D72811 /* Sample.swift */,
			);
			path = View;
			sourceTree = "<group>";
		};
		B772428A2C1B239200883A26 /* SpriteKit */ = {
			isa = PBXGroup;
			children = (
				B77242882C1B238A00883A26 /* SpriteKitView.swift */,
				B772428B2C1B243700883A26 /* MyShader.fsh */,
				B7CC18ED2C1ED8890042C367 /* ColorPalettePreview.swift */,
			);
			path = SpriteKit;
			sourceTree = "<group>";
		};
		B78804F22C02CAFA0070E9D6 /* Global */ = {
			isa = PBXGroup;
			children = (
				B78804F32C02CC680070E9D6 /* GlobalSettings.swift */,
			);
			path = Global;
			sourceTree = "<group>";
		};
		B78804F52C02CD110070E9D6 /* Type */ = {
			isa = PBXGroup;
			children = (
				B72C85A72BCBB850003DDBCE /* Tab.swift */,
				B72C0EF32BDBECC600286F50 /* Icon.swift */,
				B7F2623A2C78EA6100BD3553 /* PaletteSort.swift */,
				B7F937722C89E430005CE7C0 /* ToastStyle.swift */,
			);
			path = Type;
			sourceTree = "<group>";
		};
		B79145CE2BD4ACB600DCF552 /* Components */ = {
			isa = PBXGroup;
			children = (
				B7AB99412C08B36E00B2B21A /* CustomNavigationBarContainer.swift */,
				B72C85A92BCBBC78003DDBCE /* CustomTabBar.swift */,
				B7A84E262BF63DF90068F78B /* ColorSlider.swift */,
				B79E07942C69EA1B00F899E4 /* ColorStorageMenu.swift */,
				B79145D32BD4C89200DCF552 /* RoundedCorner.swift */,
				B7F937742C89E860005CE7C0 /* Toast */,
			);
			path = Components;
			sourceTree = "<group>";
		};
		B79907DE2C32E25C00CD6DF0 /* Extension */ = {
			isa = PBXGroup;
			children = (
				B79907DF2C32E28100CD6DF0 /* SKTexture.swift */,
				B7EB59082C6CA708007A57D1 /* UINavigationController.swift */,
				B78583F22C8AD8670095A40B /* View.swift */,
			);
			path = Extension;
			sourceTree = "<group>";
		};
		B79B54AA2BF0A02C001AE729 /* ColorPicker */ = {
			isa = PBXGroup;
			children = (
				B72C0EF12BDBE87000286F50 /* ColorPickerView.swift */,
				B79B54A82BF0A022001AE729 /* HSBColorPickerView.swift */,
				B79B54AB2BF0A055001AE729 /* RGBColorPickerView.swift */,
				B7F176082C835A28009F76E5 /* SelectedColorView.swift */,
			);
			path = ColorPicker;
			sourceTree = "<group>";
		};
		B7E45D8C2BC6CE56007FF3AE = {
			isa = PBXGroup;
			children = (
				B7E45D972BC6CE56007FF3AE /* ColorPickerApp */,
				B7E45DAA2BC6CE58007FF3AE /* ColorPickerAppTests */,
				B7E45DB42BC6CE58007FF3AE /* ColorPickerAppUITests */,
				B7E45D962BC6CE56007FF3AE /* Products */,
			);
			sourceTree = "<group>";
		};
		B7E45D962BC6CE56007FF3AE /* Products */ = {
			isa = PBXGroup;
			children = (
				B7E45D952BC6CE56007FF3AE /* ColorPickerApp.app */,
				B7E45DA72BC6CE58007FF3AE /* ColorPickerAppTests.xctest */,
				B7E45DB12BC6CE58007FF3AE /* ColorPickerAppUITests.xctest */,
			);
			name = Products;
			sourceTree = "<group>";
		};
		B7E45D972BC6CE56007FF3AE /* ColorPickerApp */ = {
			isa = PBXGroup;
			children = (
				B7E45D982BC6CE56007FF3AE /* ColorPickerAppApp.swift */,
				B7E45D9A2BC6CE56007FF3AE /* ContentView.swift */,
				B7E45D9E2BC6CE58007FF3AE /* Assets.xcassets */,
				B72C859B2BCB6140003DDBCE /* Model */,
				B78804F52C02CD110070E9D6 /* Type */,
				B78804F22C02CAFA0070E9D6 /* Global */,
				B79907DE2C32E25C00CD6DF0 /* Extension */,
				B70E56022BF23F9300E687D9 /* State */,
				B772428A2C1B239200883A26 /* SpriteKit */,
				B72C85A62BCB825D003DDBCE /* View */,
				B79145CE2BD4ACB600DCF552 /* Components */,
				B7E45DA02BC6CE58007FF3AE /* Preview Content */,
			);
			path = ColorPickerApp;
			sourceTree = "<group>";
		};
		B7E45DA02BC6CE58007FF3AE /* Preview Content */ = {
			isa = PBXGroup;
			children = (
				B7E45DA12BC6CE58007FF3AE /* Preview Assets.xcassets */,
			);
			path = "Preview Content";
			sourceTree = "<group>";
		};
		B7E45DAA2BC6CE58007FF3AE /* ColorPickerAppTests */ = {
			isa = PBXGroup;
			children = (
				B7E45DAB2BC6CE58007FF3AE /* ColorPickerAppTests.swift */,
			);
			path = ColorPickerAppTests;
			sourceTree = "<group>";
		};
		B7E45DB42BC6CE58007FF3AE /* ColorPickerAppUITests */ = {
			isa = PBXGroup;
			children = (
				B7E45DB52BC6CE58007FF3AE /* ColorPickerAppUITests.swift */,
				B7E45DB72BC6CE58007FF3AE /* ColorPickerAppUITestsLaunchTests.swift */,
			);
			path = ColorPickerAppUITests;
			sourceTree = "<group>";
		};
		B7F937742C89E860005CE7C0 /* Toast */ = {
			isa = PBXGroup;
			children = (
				B7F937752C89E87E005CE7C0 /* ToastView.swift */,
				B78583F02C8AD5CC0095A40B /* ToastModifier.swift */,
			);
			path = Toast;
			sourceTree = "<group>";
		};
/* End PBXGroup section */

/* Begin PBXNativeTarget section */
		B7E45D942BC6CE56007FF3AE /* ColorPickerApp */ = {
			isa = PBXNativeTarget;
			buildConfigurationList = B7E45DBB2BC6CE58007FF3AE /* Build configuration list for PBXNativeTarget "ColorPickerApp" */;
			buildPhases = (
				B7E45D912BC6CE56007FF3AE /* Sources */,
				B7E45D922BC6CE56007FF3AE /* Frameworks */,
				B7E45D932BC6CE56007FF3AE /* Resources */,
			);
			buildRules = (
			);
			dependencies = (
			);
			name = ColorPickerApp;
			productName = ColorPickerApp;
			productReference = B7E45D952BC6CE56007FF3AE /* ColorPickerApp.app */;
			productType = "com.apple.product-type.application";
		};
		B7E45DA62BC6CE58007FF3AE /* ColorPickerAppTests */ = {
			isa = PBXNativeTarget;
			buildConfigurationList = B7E45DBE2BC6CE58007FF3AE /* Build configuration list for PBXNativeTarget "ColorPickerAppTests" */;
			buildPhases = (
				B7E45DA32BC6CE58007FF3AE /* Sources */,
				B7E45DA42BC6CE58007FF3AE /* Frameworks */,
				B7E45DA52BC6CE58007FF3AE /* Resources */,
			);
			buildRules = (
			);
			dependencies = (
				B7E45DA92BC6CE58007FF3AE /* PBXTargetDependency */,
			);
			name = ColorPickerAppTests;
			productName = ColorPickerAppTests;
			productReference = B7E45DA72BC6CE58007FF3AE /* ColorPickerAppTests.xctest */;
			productType = "com.apple.product-type.bundle.unit-test";
		};
		B7E45DB02BC6CE58007FF3AE /* ColorPickerAppUITests */ = {
			isa = PBXNativeTarget;
			buildConfigurationList = B7E45DC12BC6CE58007FF3AE /* Build configuration list for PBXNativeTarget "ColorPickerAppUITests" */;
			buildPhases = (
				B7E45DAD2BC6CE58007FF3AE /* Sources */,
				B7E45DAE2BC6CE58007FF3AE /* Frameworks */,
				B7E45DAF2BC6CE58007FF3AE /* Resources */,
			);
			buildRules = (
			);
			dependencies = (
				B7E45DB32BC6CE58007FF3AE /* PBXTargetDependency */,
			);
			name = ColorPickerAppUITests;
			productName = ColorPickerAppUITests;
			productReference = B7E45DB12BC6CE58007FF3AE /* ColorPickerAppUITests.xctest */;
			productType = "com.apple.product-type.bundle.ui-testing";
		};
/* End PBXNativeTarget section */

/* Begin PBXProject section */
		B7E45D8D2BC6CE56007FF3AE /* Project object */ = {
			isa = PBXProject;
			attributes = {
				BuildIndependentTargetsInParallel = 1;
				LastSwiftUpdateCheck = 1500;
				LastUpgradeCheck = 1500;
				TargetAttributes = {
					B7E45D942BC6CE56007FF3AE = {
						CreatedOnToolsVersion = 15.0.1;
					};
					B7E45DA62BC6CE58007FF3AE = {
						CreatedOnToolsVersion = 15.0.1;
						TestTargetID = B7E45D942BC6CE56007FF3AE;
					};
					B7E45DB02BC6CE58007FF3AE = {
						CreatedOnToolsVersion = 15.0.1;
						TestTargetID = B7E45D942BC6CE56007FF3AE;
					};
				};
			};
			buildConfigurationList = B7E45D902BC6CE56007FF3AE /* Build configuration list for PBXProject "ColorPickerApp" */;
			compatibilityVersion = "Xcode 14.0";
			developmentRegion = en;
			hasScannedForEncodings = 0;
			knownRegions = (
				en,
				Base,
			);
			mainGroup = B7E45D8C2BC6CE56007FF3AE;
			productRefGroup = B7E45D962BC6CE56007FF3AE /* Products */;
			projectDirPath = "";
			projectRoot = "";
			targets = (
				B7E45D942BC6CE56007FF3AE /* ColorPickerApp */,
				B7E45DA62BC6CE58007FF3AE /* ColorPickerAppTests */,
				B7E45DB02BC6CE58007FF3AE /* ColorPickerAppUITests */,
			);
		};
/* End PBXProject section */

/* Begin PBXResourcesBuildPhase section */
		B7E45D932BC6CE56007FF3AE /* Resources */ = {
			isa = PBXResourcesBuildPhase;
			buildActionMask = 2147483647;
			files = (
				B7E45DA22BC6CE58007FF3AE /* Preview Assets.xcassets in Resources */,
				B7E45D9F2BC6CE58007FF3AE /* Assets.xcassets in Resources */,
				B772428C2C1B243700883A26 /* MyShader.fsh in Resources */,
			);
			runOnlyForDeploymentPostprocessing = 0;
		};
		B7E45DA52BC6CE58007FF3AE /* Resources */ = {
			isa = PBXResourcesBuildPhase;
			buildActionMask = 2147483647;
			files = (
			);
			runOnlyForDeploymentPostprocessing = 0;
		};
		B7E45DAF2BC6CE58007FF3AE /* Resources */ = {
			isa = PBXResourcesBuildPhase;
			buildActionMask = 2147483647;
			files = (
			);
			runOnlyForDeploymentPostprocessing = 0;
		};
/* End PBXResourcesBuildPhase section */

/* Begin PBXSourcesBuildPhase section */
		B7E45D912BC6CE56007FF3AE /* Sources */ = {
			isa = PBXSourcesBuildPhase;
			buildActionMask = 2147483647;
			files = (
				B786A89B2BD00256005338AE /* ColorStorageView.swift in Sources */,
				B72C0EF42BDBECC600286F50 /* Icon.swift in Sources */,
				B79907E02C32E28100CD6DF0 /* SKTexture.swift in Sources */,
				B7E45D9B2BC6CE56007FF3AE /* ContentView.swift in Sources */,
				B7E45D992BC6CE56007FF3AE /* ColorPickerAppApp.swift in Sources */,
				B7A147D52BE7C9F200D72811 /* Sample.swift in Sources */,
				B72C85A12BCB645B003DDBCE /* RGBColor.swift in Sources */,
				B7F937732C89E430005CE7C0 /* ToastStyle.swift in Sources */,
				B786A8972BD001E9005338AE /* HomeView.swift in Sources */,
				B792F5122C3C158E0011C57D /* ColorData.swift in Sources */,
				B7F176092C835A28009F76E5 /* SelectedColorView.swift in Sources */,
				B79B54AC2BF0A055001AE729 /* RGBColorPickerView.swift in Sources */,
				B7F937762C89E87E005CE7C0 /* ToastView.swift in Sources */,
				B72C85A82BCBB851003DDBCE /* Tab.swift in Sources */,
				B72C85AA2BCBBC78003DDBCE /* CustomTabBar.swift in Sources */,
				B72C859D2BCB6161003DDBCE /* ColorPalette.swift in Sources */,
				B70E56012BF23F6C00E687D9 /* ColorPickerViewState.swift in Sources */,
				B72C0EF22BDBE87000286F50 /* ColorPickerView.swift in Sources */,
				B786A89D2BD00260005338AE /* OptionView.swift in Sources */,
				B7AB99422C08B36E00B2B21A /* CustomNavigationBarContainer.swift in Sources */,
				B78583F12C8AD5CC0095A40B /* ToastModifier.swift in Sources */,
				B786A8992BD00233005338AE /* ColorPaletteView.swift in Sources */,
				B79E07952C69EA1B00F899E4 /* ColorStorageMenu.swift in Sources */,
				B7CC18EE2C1ED8890042C367 /* ColorPalettePreview.swift in Sources */,
				B77242892C1B238B00883A26 /* SpriteKitView.swift in Sources */,
				B78583F32C8AD8670095A40B /* View.swift in Sources */,
				B78804F42C02CC680070E9D6 /* GlobalSettings.swift in Sources */,
				B72C85A52BCB7DC9003DDBCE /* ColorStorage.swift in Sources */,
				B775EDD42C73714700077B6F /* ColorPaletteConfirmationView.swift in Sources */,
				B79145D42BD4C89200DCF552 /* RoundedCorner.swift in Sources */,
				B7F937712C89E405005CE7C0 /* Toast.swift in Sources */,
				B72C859F2BCB620D003DDBCE /* HSBColor.swift in Sources */,
				B7F2623B2C78EA6100BD3553 /* PaletteSort.swift in Sources */,
				B72C85A32BCB65CC003DDBCE /* HEXColor.swift in Sources */,
				B7EB59092C6CA708007A57D1 /* UINavigationController.swift in Sources */,
				B7A84E272BF63DF90068F78B /* ColorSlider.swift in Sources */,
				B7F262392C78D39A00BD3553 /* ColorPaletteViewState.swift in Sources */,
				B79B54A92BF0A022001AE729 /* HSBColorPickerView.swift in Sources */,
			);
			runOnlyForDeploymentPostprocessing = 0;
		};
		B7E45DA32BC6CE58007FF3AE /* Sources */ = {
			isa = PBXSourcesBuildPhase;
			buildActionMask = 2147483647;
			files = (
				B7E45DAC2BC6CE58007FF3AE /* ColorPickerAppTests.swift in Sources */,
			);
			runOnlyForDeploymentPostprocessing = 0;
		};
		B7E45DAD2BC6CE58007FF3AE /* Sources */ = {
			isa = PBXSourcesBuildPhase;
			buildActionMask = 2147483647;
			files = (
				B7E45DB82BC6CE58007FF3AE /* ColorPickerAppUITestsLaunchTests.swift in Sources */,
				B7E45DB62BC6CE58007FF3AE /* ColorPickerAppUITests.swift in Sources */,
			);
			runOnlyForDeploymentPostprocessing = 0;
		};
/* End PBXSourcesBuildPhase section */

/* Begin PBXTargetDependency section */
		B7E45DA92BC6CE58007FF3AE /* PBXTargetDependency */ = {
			isa = PBXTargetDependency;
			target = B7E45D942BC6CE56007FF3AE /* ColorPickerApp */;
			targetProxy = B7E45DA82BC6CE58007FF3AE /* PBXContainerItemProxy */;
		};
		B7E45DB32BC6CE58007FF3AE /* PBXTargetDependency */ = {
			isa = PBXTargetDependency;
			target = B7E45D942BC6CE56007FF3AE /* ColorPickerApp */;
			targetProxy = B7E45DB22BC6CE58007FF3AE /* PBXContainerItemProxy */;
		};
/* End PBXTargetDependency section */

/* Begin XCBuildConfiguration section */
		B7E45DB92BC6CE58007FF3AE /* Debug */ = {
			isa = XCBuildConfiguration;
			buildSettings = {
				ALWAYS_SEARCH_USER_PATHS = NO;
				ASSETCATALOG_COMPILER_GENERATE_SWIFT_ASSET_SYMBOL_EXTENSIONS = YES;
				CLANG_ANALYZER_NONNULL = YES;
				CLANG_ANALYZER_NUMBER_OBJECT_CONVERSION = YES_AGGRESSIVE;
				CLANG_CXX_LANGUAGE_STANDARD = "gnu++20";
				CLANG_ENABLE_MODULES = YES;
				CLANG_ENABLE_OBJC_ARC = YES;
				CLANG_ENABLE_OBJC_WEAK = YES;
				CLANG_WARN_BLOCK_CAPTURE_AUTORELEASING = YES;
				CLANG_WARN_BOOL_CONVERSION = YES;
				CLANG_WARN_COMMA = YES;
				CLANG_WARN_CONSTANT_CONVERSION = YES;
				CLANG_WARN_DEPRECATED_OBJC_IMPLEMENTATIONS = YES;
				CLANG_WARN_DIRECT_OBJC_ISA_USAGE = YES_ERROR;
				CLANG_WARN_DOCUMENTATION_COMMENTS = YES;
				CLANG_WARN_EMPTY_BODY = YES;
				CLANG_WARN_ENUM_CONVERSION = YES;
				CLANG_WARN_INFINITE_RECURSION = YES;
				CLANG_WARN_INT_CONVERSION = YES;
				CLANG_WARN_NON_LITERAL_NULL_CONVERSION = YES;
				CLANG_WARN_OBJC_IMPLICIT_RETAIN_SELF = YES;
				CLANG_WARN_OBJC_LITERAL_CONVERSION = YES;
				CLANG_WARN_OBJC_ROOT_CLASS = YES_ERROR;
				CLANG_WARN_QUOTED_INCLUDE_IN_FRAMEWORK_HEADER = YES;
				CLANG_WARN_RANGE_LOOP_ANALYSIS = YES;
				CLANG_WARN_STRICT_PROTOTYPES = YES;
				CLANG_WARN_SUSPICIOUS_MOVE = YES;
				CLANG_WARN_UNGUARDED_AVAILABILITY = YES_AGGRESSIVE;
				CLANG_WARN_UNREACHABLE_CODE = YES;
				CLANG_WARN__DUPLICATE_METHOD_MATCH = YES;
				COPY_PHASE_STRIP = NO;
				DEBUG_INFORMATION_FORMAT = dwarf;
				ENABLE_STRICT_OBJC_MSGSEND = YES;
				ENABLE_TESTABILITY = YES;
				ENABLE_USER_SCRIPT_SANDBOXING = YES;
				GCC_C_LANGUAGE_STANDARD = gnu17;
				GCC_DYNAMIC_NO_PIC = NO;
				GCC_NO_COMMON_BLOCKS = YES;
				GCC_OPTIMIZATION_LEVEL = 0;
				GCC_PREPROCESSOR_DEFINITIONS = (
					"DEBUG=1",
					"$(inherited)",
				);
				GCC_WARN_64_TO_32_BIT_CONVERSION = YES;
				GCC_WARN_ABOUT_RETURN_TYPE = YES_ERROR;
				GCC_WARN_UNDECLARED_SELECTOR = YES;
				GCC_WARN_UNINITIALIZED_AUTOS = YES_AGGRESSIVE;
				GCC_WARN_UNUSED_FUNCTION = YES;
				GCC_WARN_UNUSED_VARIABLE = YES;
				INFOPLIST_FILE = ColorPickerApp/info.plist;
				IPHONEOS_DEPLOYMENT_TARGET = 17.0;
				LOCALIZATION_PREFERS_STRING_CATALOGS = YES;
				MTL_ENABLE_DEBUG_INFO = INCLUDE_SOURCE;
				MTL_FAST_MATH = YES;
				ONLY_ACTIVE_ARCH = YES;
				SDKROOT = iphoneos;
				SWIFT_ACTIVE_COMPILATION_CONDITIONS = "DEBUG $(inherited)";
				SWIFT_OPTIMIZATION_LEVEL = "-Onone";
			};
			name = Debug;
		};
		B7E45DBA2BC6CE58007FF3AE /* Release */ = {
			isa = XCBuildConfiguration;
			buildSettings = {
				ALWAYS_SEARCH_USER_PATHS = NO;
				ASSETCATALOG_COMPILER_GENERATE_SWIFT_ASSET_SYMBOL_EXTENSIONS = YES;
				CLANG_ANALYZER_NONNULL = YES;
				CLANG_ANALYZER_NUMBER_OBJECT_CONVERSION = YES_AGGRESSIVE;
				CLANG_CXX_LANGUAGE_STANDARD = "gnu++20";
				CLANG_ENABLE_MODULES = YES;
				CLANG_ENABLE_OBJC_ARC = YES;
				CLANG_ENABLE_OBJC_WEAK = YES;
				CLANG_WARN_BLOCK_CAPTURE_AUTORELEASING = YES;
				CLANG_WARN_BOOL_CONVERSION = YES;
				CLANG_WARN_COMMA = YES;
				CLANG_WARN_CONSTANT_CONVERSION = YES;
				CLANG_WARN_DEPRECATED_OBJC_IMPLEMENTATIONS = YES;
				CLANG_WARN_DIRECT_OBJC_ISA_USAGE = YES_ERROR;
				CLANG_WARN_DOCUMENTATION_COMMENTS = YES;
				CLANG_WARN_EMPTY_BODY = YES;
				CLANG_WARN_ENUM_CONVERSION = YES;
				CLANG_WARN_INFINITE_RECURSION = YES;
				CLANG_WARN_INT_CONVERSION = YES;
				CLANG_WARN_NON_LITERAL_NULL_CONVERSION = YES;
				CLANG_WARN_OBJC_IMPLICIT_RETAIN_SELF = YES;
				CLANG_WARN_OBJC_LITERAL_CONVERSION = YES;
				CLANG_WARN_OBJC_ROOT_CLASS = YES_ERROR;
				CLANG_WARN_QUOTED_INCLUDE_IN_FRAMEWORK_HEADER = YES;
				CLANG_WARN_RANGE_LOOP_ANALYSIS = YES;
				CLANG_WARN_STRICT_PROTOTYPES = YES;
				CLANG_WARN_SUSPICIOUS_MOVE = YES;
				CLANG_WARN_UNGUARDED_AVAILABILITY = YES_AGGRESSIVE;
				CLANG_WARN_UNREACHABLE_CODE = YES;
				CLANG_WARN__DUPLICATE_METHOD_MATCH = YES;
				COPY_PHASE_STRIP = NO;
				DEBUG_INFORMATION_FORMAT = "dwarf-with-dsym";
				ENABLE_NS_ASSERTIONS = NO;
				ENABLE_STRICT_OBJC_MSGSEND = YES;
				ENABLE_USER_SCRIPT_SANDBOXING = YES;
				GCC_C_LANGUAGE_STANDARD = gnu17;
				GCC_NO_COMMON_BLOCKS = YES;
				GCC_WARN_64_TO_32_BIT_CONVERSION = YES;
				GCC_WARN_ABOUT_RETURN_TYPE = YES_ERROR;
				GCC_WARN_UNDECLARED_SELECTOR = YES;
				GCC_WARN_UNINITIALIZED_AUTOS = YES_AGGRESSIVE;
				GCC_WARN_UNUSED_FUNCTION = YES;
				GCC_WARN_UNUSED_VARIABLE = YES;
				INFOPLIST_FILE = ColorPickerApp/info.plist;
				IPHONEOS_DEPLOYMENT_TARGET = 17.0;
				LOCALIZATION_PREFERS_STRING_CATALOGS = YES;
				MTL_ENABLE_DEBUG_INFO = NO;
				MTL_FAST_MATH = YES;
				SDKROOT = iphoneos;
				SWIFT_COMPILATION_MODE = wholemodule;
				VALIDATE_PRODUCT = YES;
			};
			name = Release;
		};
		B7E45DBC2BC6CE58007FF3AE /* Debug */ = {
			isa = XCBuildConfiguration;
			buildSettings = {
				ASSETCATALOG_COMPILER_APPICON_NAME = AppIcon;
				ASSETCATALOG_COMPILER_GLOBAL_ACCENT_COLOR_NAME = AccentColor;
				CODE_SIGN_STYLE = Automatic;
				CURRENT_PROJECT_VERSION = 1;
				DEVELOPMENT_ASSET_PATHS = "\"ColorPickerApp/Preview Content\"";
				DEVELOPMENT_TEAM = PMT6QRAKQ2;
				ENABLE_PREVIEWS = YES;
				GENERATE_INFOPLIST_FILE = YES;
				INFOPLIST_FILE = ColorPickerApp/Info.plist;
				INFOPLIST_KEY_CFBundleDisplayName = "";
				INFOPLIST_KEY_LSApplicationCategoryType = "";
				INFOPLIST_KEY_UIApplicationSceneManifest_Generation = YES;
				INFOPLIST_KEY_UIApplicationSupportsIndirectInputEvents = YES;
				INFOPLIST_KEY_UISupportedInterfaceOrientations = UIInterfaceOrientationPortrait;
				INFOPLIST_KEY_UIUserInterfaceStyle = Light;
				LD_RUNPATH_SEARCH_PATHS = (
					"$(inherited)",
					"@executable_path/Frameworks",
				);
				MARKETING_VERSION = 1.0;
				PRODUCT_BUNDLE_IDENTIFIER = "com.icloud-082812.uta.ColorPickerApp";
				PRODUCT_NAME = "$(TARGET_NAME)";
				SWIFT_EMIT_LOC_STRINGS = YES;
				SWIFT_VERSION = 5.0;
				TARGETED_DEVICE_FAMILY = "1,2";
			};
			name = Debug;
		};
		B7E45DBD2BC6CE58007FF3AE /* Release */ = {
			isa = XCBuildConfiguration;
			buildSettings = {
				ASSETCATALOG_COMPILER_APPICON_NAME = AppIcon;
				ASSETCATALOG_COMPILER_GLOBAL_ACCENT_COLOR_NAME = AccentColor;
				CODE_SIGN_STYLE = Automatic;
				CURRENT_PROJECT_VERSION = 1;
				DEVELOPMENT_ASSET_PATHS = "\"ColorPickerApp/Preview Content\"";
				DEVELOPMENT_TEAM = PMT6QRAKQ2;
				ENABLE_PREVIEWS = YES;
				GENERATE_INFOPLIST_FILE = YES;
				INFOPLIST_FILE = ColorPickerApp/Info.plist;
				INFOPLIST_KEY_CFBundleDisplayName = "";
				INFOPLIST_KEY_LSApplicationCategoryType = "";
				INFOPLIST_KEY_UIApplicationSceneManifest_Generation = YES;
				INFOPLIST_KEY_UIApplicationSupportsIndirectInputEvents = YES;
				INFOPLIST_KEY_UISupportedInterfaceOrientations = UIInterfaceOrientationPortrait;
				INFOPLIST_KEY_UIUserInterfaceStyle = Light;
				LD_RUNPATH_SEARCH_PATHS = (
					"$(inherited)",
					"@executable_path/Frameworks",
				);
				MARKETING_VERSION = 1.0;
				PRODUCT_BUNDLE_IDENTIFIER = "com.icloud-082812.uta.ColorPickerApp";
				PRODUCT_NAME = "$(TARGET_NAME)";
				SWIFT_EMIT_LOC_STRINGS = YES;
				SWIFT_VERSION = 5.0;
				TARGETED_DEVICE_FAMILY = "1,2";
			};
			name = Release;
		};
		B7E45DBF2BC6CE58007FF3AE /* Debug */ = {
			isa = XCBuildConfiguration;
			buildSettings = {
				ALWAYS_EMBED_SWIFT_STANDARD_LIBRARIES = YES;
				BUNDLE_LOADER = "$(TEST_HOST)";
				CODE_SIGN_STYLE = Automatic;
				CURRENT_PROJECT_VERSION = 1;
				DEVELOPMENT_TEAM = PMT6QRAKQ2;
				GENERATE_INFOPLIST_FILE = YES;
				IPHONEOS_DEPLOYMENT_TARGET = 17.0;
				MARKETING_VERSION = 1.0;
				PRODUCT_BUNDLE_IDENTIFIER = "com.icloud-082812.uta.ColorPickerAppTests";
				PRODUCT_NAME = "$(TARGET_NAME)";
				SWIFT_EMIT_LOC_STRINGS = NO;
				SWIFT_VERSION = 5.0;
				TARGETED_DEVICE_FAMILY = "1,2";
				TEST_HOST = "$(BUILT_PRODUCTS_DIR)/ColorPickerApp.app/$(BUNDLE_EXECUTABLE_FOLDER_PATH)/ColorPickerApp";
			};
			name = Debug;
		};
		B7E45DC02BC6CE58007FF3AE /* Release */ = {
			isa = XCBuildConfiguration;
			buildSettings = {
				ALWAYS_EMBED_SWIFT_STANDARD_LIBRARIES = YES;
				BUNDLE_LOADER = "$(TEST_HOST)";
				CODE_SIGN_STYLE = Automatic;
				CURRENT_PROJECT_VERSION = 1;
				DEVELOPMENT_TEAM = PMT6QRAKQ2;
				GENERATE_INFOPLIST_FILE = YES;
				IPHONEOS_DEPLOYMENT_TARGET = 17.0;
				MARKETING_VERSION = 1.0;
				PRODUCT_BUNDLE_IDENTIFIER = "com.icloud-082812.uta.ColorPickerAppTests";
				PRODUCT_NAME = "$(TARGET_NAME)";
				SWIFT_EMIT_LOC_STRINGS = NO;
				SWIFT_VERSION = 5.0;
				TARGETED_DEVICE_FAMILY = "1,2";
				TEST_HOST = "$(BUILT_PRODUCTS_DIR)/ColorPickerApp.app/$(BUNDLE_EXECUTABLE_FOLDER_PATH)/ColorPickerApp";
			};
			name = Release;
		};
		B7E45DC22BC6CE58007FF3AE /* Debug */ = {
			isa = XCBuildConfiguration;
			buildSettings = {
				ALWAYS_EMBED_SWIFT_STANDARD_LIBRARIES = YES;
				CODE_SIGN_STYLE = Automatic;
				CURRENT_PROJECT_VERSION = 1;
				DEVELOPMENT_TEAM = PMT6QRAKQ2;
				GENERATE_INFOPLIST_FILE = YES;
				MARKETING_VERSION = 1.0;
				PRODUCT_BUNDLE_IDENTIFIER = "com.icloud-082812.uta.ColorPickerAppUITests";
				PRODUCT_NAME = "$(TARGET_NAME)";
				SWIFT_EMIT_LOC_STRINGS = NO;
				SWIFT_VERSION = 5.0;
				TARGETED_DEVICE_FAMILY = "1,2";
				TEST_TARGET_NAME = ColorPickerApp;
			};
			name = Debug;
		};
		B7E45DC32BC6CE58007FF3AE /* Release */ = {
			isa = XCBuildConfiguration;
			buildSettings = {
				ALWAYS_EMBED_SWIFT_STANDARD_LIBRARIES = YES;
				CODE_SIGN_STYLE = Automatic;
				CURRENT_PROJECT_VERSION = 1;
				DEVELOPMENT_TEAM = PMT6QRAKQ2;
				GENERATE_INFOPLIST_FILE = YES;
				MARKETING_VERSION = 1.0;
				PRODUCT_BUNDLE_IDENTIFIER = "com.icloud-082812.uta.ColorPickerAppUITests";
				PRODUCT_NAME = "$(TARGET_NAME)";
				SWIFT_EMIT_LOC_STRINGS = NO;
				SWIFT_VERSION = 5.0;
				TARGETED_DEVICE_FAMILY = "1,2";
				TEST_TARGET_NAME = ColorPickerApp;
			};
			name = Release;
		};
/* End XCBuildConfiguration section */

/* Begin XCConfigurationList section */
		B7E45D902BC6CE56007FF3AE /* Build configuration list for PBXProject "ColorPickerApp" */ = {
			isa = XCConfigurationList;
			buildConfigurations = (
				B7E45DB92BC6CE58007FF3AE /* Debug */,
				B7E45DBA2BC6CE58007FF3AE /* Release */,
			);
			defaultConfigurationIsVisible = 0;
			defaultConfigurationName = Release;
		};
		B7E45DBB2BC6CE58007FF3AE /* Build configuration list for PBXNativeTarget "ColorPickerApp" */ = {
			isa = XCConfigurationList;
			buildConfigurations = (
				B7E45DBC2BC6CE58007FF3AE /* Debug */,
				B7E45DBD2BC6CE58007FF3AE /* Release */,
			);
			defaultConfigurationIsVisible = 0;
			defaultConfigurationName = Release;
		};
		B7E45DBE2BC6CE58007FF3AE /* Build configuration list for PBXNativeTarget "ColorPickerAppTests" */ = {
			isa = XCConfigurationList;
			buildConfigurations = (
				B7E45DBF2BC6CE58007FF3AE /* Debug */,
				B7E45DC02BC6CE58007FF3AE /* Release */,
			);
			defaultConfigurationIsVisible = 0;
			defaultConfigurationName = Release;
		};
		B7E45DC12BC6CE58007FF3AE /* Build configuration list for PBXNativeTarget "ColorPickerAppUITests" */ = {
			isa = XCConfigurationList;
			buildConfigurations = (
				B7E45DC22BC6CE58007FF3AE /* Debug */,
				B7E45DC32BC6CE58007FF3AE /* Release */,
			);
			defaultConfigurationIsVisible = 0;
			defaultConfigurationName = Release;
		};
/* End XCConfigurationList section */
	};
	rootObject = B7E45D8D2BC6CE56007FF3AE /* Project object */;
}
